// !$*UTF8*$!
{
	archiveVersion = 1;
	classes = {
	};
	objectVersion = 55;
	objects = {

/* Begin PBXBuildFile section */
		402272312C8D3BF9FAEA588E /* Pods_Food_Order_App.framework in Frameworks */ = {isa = PBXBuildFile; fileRef = 87A48071F2A66F9C1C3F173F /* Pods_Food_Order_App.framework */; };
		B608838F2B1232A4006DDBA8 /* SignUpViewModel.swift in Sources */ = {isa = PBXBuildFile; fileRef = B608838E2B1232A3006DDBA8 /* SignUpViewModel.swift */; };
		B60883942B136729006DDBA8 /* MakeAlert.swift in Sources */ = {isa = PBXBuildFile; fileRef = B60883932B136729006DDBA8 /* MakeAlert.swift */; };
		B60883972B15D2C4006DDBA8 /* FoodsCell.swift in Sources */ = {isa = PBXBuildFile; fileRef = B60883962B15D2C4006DDBA8 /* FoodsCell.swift */; };
		B608839E2B1688B5006DDBA8 /* UICollectionViewLayout+Extensions.swift in Sources */ = {isa = PBXBuildFile; fileRef = B608839D2B1688B5006DDBA8 /* UICollectionViewLayout+Extensions.swift */; };
		B6125A892B039F4D00A13215 /* SignInViewModel.swift in Sources */ = {isa = PBXBuildFile; fileRef = B6125A882B039F4D00A13215 /* SignInViewModel.swift */; };
		B61B1A582B1C641000AC007F /* UIColor+Extensions.swift in Sources */ = {isa = PBXBuildFile; fileRef = B61B1A572B1C641000AC007F /* UIColor+Extensions.swift */; };
		B61B1A5B2B1C876900AC007F /* AddFoodToCart.swift in Sources */ = {isa = PBXBuildFile; fileRef = B61B1A5A2B1C876900AC007F /* AddFoodToCart.swift */; };
		B61B1A5D2B1C945700AC007F /* GetFoodsFromCart.swift in Sources */ = {isa = PBXBuildFile; fileRef = B61B1A5C2B1C945700AC007F /* GetFoodsFromCart.swift */; };
		B61B1A602B1CC9FD00AC007F /* CartManager.swift in Sources */ = {isa = PBXBuildFile; fileRef = B61B1A5F2B1CC9FD00AC007F /* CartManager.swift */; };
		B61B1A622B1CCA0600AC007F /* CartHelper.swift in Sources */ = {isa = PBXBuildFile; fileRef = B61B1A612B1CCA0600AC007F /* CartHelper.swift */; };
		B61B1A652B1CCB9000AC007F /* CartViewController.swift in Sources */ = {isa = PBXBuildFile; fileRef = B61B1A642B1CCB9000AC007F /* CartViewController.swift */; };
		B61B1A672B1CCB9F00AC007F /* CartViewModel.swift in Sources */ = {isa = PBXBuildFile; fileRef = B61B1A662B1CCB9F00AC007F /* CartViewModel.swift */; };
		B62364182B3340FD007E03A5 /* PaymentViewController.swift in Sources */ = {isa = PBXBuildFile; fileRef = B62364172B3340FD007E03A5 /* PaymentViewController.swift */; };
		B623641A2B348C6B007E03A5 /* ActivityIndicator.swift in Sources */ = {isa = PBXBuildFile; fileRef = B62364192B348C6B007E03A5 /* ActivityIndicator.swift */; };
		B623641C2B3B19DF007E03A5 /* PaymentViewModel.swift in Sources */ = {isa = PBXBuildFile; fileRef = B623641B2B3B19DF007E03A5 /* PaymentViewModel.swift */; };
		B623641E2B3B75B8007E03A5 /* GoogleService-Info.plist in Resources */ = {isa = PBXBuildFile; fileRef = B623641D2B3B75B8007E03A5 /* GoogleService-Info.plist */; };
		B626EE4B2B1918F60054B094 /* HomeViewModel.swift in Sources */ = {isa = PBXBuildFile; fileRef = B626EE4A2B1918F60054B094 /* HomeViewModel.swift */; };
		B626EE4F2B19234B0054B094 /* Foods.swift in Sources */ = {isa = PBXBuildFile; fileRef = B626EE4E2B19234B0054B094 /* Foods.swift */; };
		B626EE562B1A15C90054B094 /* NetworkManager.swift in Sources */ = {isa = PBXBuildFile; fileRef = B626EE552B1A15C90054B094 /* NetworkManager.swift */; };
		B626EE582B1A172F0054B094 /* NetworkHelper.swift in Sources */ = {isa = PBXBuildFile; fileRef = B626EE572B1A172F0054B094 /* NetworkHelper.swift */; };
		B626EE5B2B1A18690054B094 /* HomeManager.swift in Sources */ = {isa = PBXBuildFile; fileRef = B626EE5A2B1A18690054B094 /* HomeManager.swift */; };
		B626EE5D2B1A18790054B094 /* HomeHelper.swift in Sources */ = {isa = PBXBuildFile; fileRef = B626EE5C2B1A18790054B094 /* HomeHelper.swift */; };
		B63937672AF66851001604AB /* AppDelegate.swift in Sources */ = {isa = PBXBuildFile; fileRef = B63937662AF66851001604AB /* AppDelegate.swift */; };
		B63937692AF66851001604AB /* SceneDelegate.swift in Sources */ = {isa = PBXBuildFile; fileRef = B63937682AF66851001604AB /* SceneDelegate.swift */; };
		B639376E2AF66851001604AB /* Main.storyboard in Resources */ = {isa = PBXBuildFile; fileRef = B639376C2AF66851001604AB /* Main.storyboard */; };
		B63937702AF66852001604AB /* Assets.xcassets in Resources */ = {isa = PBXBuildFile; fileRef = B639376F2AF66852001604AB /* Assets.xcassets */; };
		B63937732AF66852001604AB /* LaunchScreen.storyboard in Resources */ = {isa = PBXBuildFile; fileRef = B63937712AF66852001604AB /* LaunchScreen.storyboard */; };
		B652D78D2B30DB4400394D2D /* ProfileViewController.swift in Sources */ = {isa = PBXBuildFile; fileRef = B652D78C2B30DB4400394D2D /* ProfileViewController.swift */; };
		B65C2EB02B30DF7E0025455D /* ProfileViewModel.swift in Sources */ = {isa = PBXBuildFile; fileRef = B65C2EAF2B30DF7E0025455D /* ProfileViewModel.swift */; };
		B65C2EB32B30E1150025455D /* ProfileManager.swift in Sources */ = {isa = PBXBuildFile; fileRef = B65C2EB22B30E1150025455D /* ProfileManager.swift */; };
		B67E6E9D2B210280008114AC /* String+Extensions.swift in Sources */ = {isa = PBXBuildFile; fileRef = B67E6E9C2B210280008114AC /* String+Extensions.swift */; };
		B67E6EA32B21A841008114AC /* EmptyCartView.swift in Sources */ = {isa = PBXBuildFile; fileRef = B67E6EA22B21A841008114AC /* EmptyCartView.swift */; };
		B68ED3462B2B7B73004541F5 /* PopOverSortingViewController.swift in Sources */ = {isa = PBXBuildFile; fileRef = B68ED3442B2B7B73004541F5 /* PopOverSortingViewController.swift */; };
		B68ED3472B2B7B73004541F5 /* PopOverSortingViewController.xib in Resources */ = {isa = PBXBuildFile; fileRef = B68ED3452B2B7B73004541F5 /* PopOverSortingViewController.xib */; };
		B68ED34D2B2C33B7004541F5 /* FilterCell.swift in Sources */ = {isa = PBXBuildFile; fileRef = B68ED34B2B2C33B7004541F5 /* FilterCell.swift */; };
		B68ED34E2B2C33B7004541F5 /* FilterCell.xib in Resources */ = {isa = PBXBuildFile; fileRef = B68ED34C2B2C33B7004541F5 /* FilterCell.xib */; };
		B68ED3502B2CFA78004541F5 /* SingletonUser.swift in Sources */ = {isa = PBXBuildFile; fileRef = B68ED34F2B2CFA78004541F5 /* SingletonUser.swift */; };
		B68FA9BC2AF680A800748603 /* UserRepository.swift in Sources */ = {isa = PBXBuildFile; fileRef = B68FA9BB2AF680A800748603 /* UserRepository.swift */; };
		B698B0CD2B21F6DB0056B798 /* FoodDetailViewController.swift in Sources */ = {isa = PBXBuildFile; fileRef = B698B0CC2B21F6DB0056B798 /* FoodDetailViewController.swift */; };
		B698B0CF2B224BFE0056B798 /* FoodDetailViewModel.swift in Sources */ = {isa = PBXBuildFile; fileRef = B698B0CE2B224BFE0056B798 /* FoodDetailViewModel.swift */; };
		B6B030A92AF6864A0078660A /* OnboardingViewController.swift in Sources */ = {isa = PBXBuildFile; fileRef = B6B030A82AF6864A0078660A /* OnboardingViewController.swift */; };
		B6B030AB2AF68B5F0078660A /* OnboardingCVC.swift in Sources */ = {isa = PBXBuildFile; fileRef = B6B030AA2AF68B5F0078660A /* OnboardingCVC.swift */; };
		B6B030AD2AF68D580078660A /* OnboardingSlide.swift in Sources */ = {isa = PBXBuildFile; fileRef = B6B030AC2AF68D580078660A /* OnboardingSlide.swift */; };
		B6B030AF2AF68E2A0078660A /* OnboardingViewModel.swift in Sources */ = {isa = PBXBuildFile; fileRef = B6B030AE2AF68E2A0078660A /* OnboardingViewModel.swift */; };
		B6B030B22AFBA3E40078660A /* HomeViewController.swift in Sources */ = {isa = PBXBuildFile; fileRef = B6B030B12AFBA3E40078660A /* HomeViewController.swift */; };
		B6B030B52AFBAC4E0078660A /* TabBarController.swift in Sources */ = {isa = PBXBuildFile; fileRef = B6B030B42AFBAC4E0078660A /* TabBarController.swift */; };
		B6B030B82AFD48B80078660A /* EntranceViewController.swift in Sources */ = {isa = PBXBuildFile; fileRef = B6B030B72AFD48B80078660A /* EntranceViewController.swift */; };
		B6B030BF2AFE1B1C0078660A /* SignInViewController.swift in Sources */ = {isa = PBXBuildFile; fileRef = B6B030BE2AFE1B1C0078660A /* SignInViewController.swift */; };
		B6B030C12AFE1B260078660A /* SignUpViewController.swift in Sources */ = {isa = PBXBuildFile; fileRef = B6B030C02AFE1B260078660A /* SignUpViewController.swift */; };
		B6F59AB52B1E72DE003023D4 /* DeleteFoodFromCartResponse.swift in Sources */ = {isa = PBXBuildFile; fileRef = B6F59AB42B1E72DE003023D4 /* DeleteFoodFromCartResponse.swift */; };
		B6F59AB72B1F0C42003023D4 /* CartTVCell.swift in Sources */ = {isa = PBXBuildFile; fileRef = B6F59AB62B1F0C42003023D4 /* CartTVCell.swift */; };
/* End PBXBuildFile section */

/* Begin PBXFileReference section */
		4891D76BEC15AE36BED19D84 /* Pods-Food-Order-App.release.xcconfig */ = {isa = PBXFileReference; includeInIndex = 1; lastKnownFileType = text.xcconfig; name = "Pods-Food-Order-App.release.xcconfig"; path = "Target Support Files/Pods-Food-Order-App/Pods-Food-Order-App.release.xcconfig"; sourceTree = "<group>"; };
		87A48071F2A66F9C1C3F173F /* Pods_Food_Order_App.framework */ = {isa = PBXFileReference; explicitFileType = wrapper.framework; includeInIndex = 0; path = Pods_Food_Order_App.framework; sourceTree = BUILT_PRODUCTS_DIR; };
		AA0ED184F98FC37E69129757 /* Pods-Food-Order-App.debug.xcconfig */ = {isa = PBXFileReference; includeInIndex = 1; lastKnownFileType = text.xcconfig; name = "Pods-Food-Order-App.debug.xcconfig"; path = "Target Support Files/Pods-Food-Order-App/Pods-Food-Order-App.debug.xcconfig"; sourceTree = "<group>"; };
		B608838E2B1232A3006DDBA8 /* SignUpViewModel.swift */ = {isa = PBXFileReference; lastKnownFileType = sourcecode.swift; path = SignUpViewModel.swift; sourceTree = "<group>"; };
		B60883932B136729006DDBA8 /* MakeAlert.swift */ = {isa = PBXFileReference; lastKnownFileType = sourcecode.swift; path = MakeAlert.swift; sourceTree = "<group>"; };
		B60883962B15D2C4006DDBA8 /* FoodsCell.swift */ = {isa = PBXFileReference; lastKnownFileType = sourcecode.swift; path = FoodsCell.swift; sourceTree = "<group>"; };
		B608839D2B1688B5006DDBA8 /* UICollectionViewLayout+Extensions.swift */ = {isa = PBXFileReference; lastKnownFileType = sourcecode.swift; path = "UICollectionViewLayout+Extensions.swift"; sourceTree = "<group>"; };
		B6125A882B039F4D00A13215 /* SignInViewModel.swift */ = {isa = PBXFileReference; lastKnownFileType = sourcecode.swift; path = SignInViewModel.swift; sourceTree = "<group>"; };
		B61B1A572B1C641000AC007F /* UIColor+Extensions.swift */ = {isa = PBXFileReference; lastKnownFileType = sourcecode.swift; path = "UIColor+Extensions.swift"; sourceTree = "<group>"; };
		B61B1A5A2B1C876900AC007F /* AddFoodToCart.swift */ = {isa = PBXFileReference; lastKnownFileType = sourcecode.swift; path = AddFoodToCart.swift; sourceTree = "<group>"; };
		B61B1A5C2B1C945700AC007F /* GetFoodsFromCart.swift */ = {isa = PBXFileReference; lastKnownFileType = sourcecode.swift; path = GetFoodsFromCart.swift; sourceTree = "<group>"; };
		B61B1A5F2B1CC9FD00AC007F /* CartManager.swift */ = {isa = PBXFileReference; lastKnownFileType = sourcecode.swift; path = CartManager.swift; sourceTree = "<group>"; };
		B61B1A612B1CCA0600AC007F /* CartHelper.swift */ = {isa = PBXFileReference; lastKnownFileType = sourcecode.swift; path = CartHelper.swift; sourceTree = "<group>"; };
		B61B1A642B1CCB9000AC007F /* CartViewController.swift */ = {isa = PBXFileReference; lastKnownFileType = sourcecode.swift; path = CartViewController.swift; sourceTree = "<group>"; };
		B61B1A662B1CCB9F00AC007F /* CartViewModel.swift */ = {isa = PBXFileReference; lastKnownFileType = sourcecode.swift; path = CartViewModel.swift; sourceTree = "<group>"; };
		B62364172B3340FD007E03A5 /* PaymentViewController.swift */ = {isa = PBXFileReference; lastKnownFileType = sourcecode.swift; path = PaymentViewController.swift; sourceTree = "<group>"; };
		B62364192B348C6B007E03A5 /* ActivityIndicator.swift */ = {isa = PBXFileReference; lastKnownFileType = sourcecode.swift; path = ActivityIndicator.swift; sourceTree = "<group>"; };
		B623641B2B3B19DF007E03A5 /* PaymentViewModel.swift */ = {isa = PBXFileReference; lastKnownFileType = sourcecode.swift; path = PaymentViewModel.swift; sourceTree = "<group>"; };
		B623641D2B3B75B8007E03A5 /* GoogleService-Info.plist */ = {isa = PBXFileReference; fileEncoding = 4; lastKnownFileType = text.plist.xml; path = "GoogleService-Info.plist"; sourceTree = "<group>"; };
		B626EE4A2B1918F60054B094 /* HomeViewModel.swift */ = {isa = PBXFileReference; lastKnownFileType = sourcecode.swift; path = HomeViewModel.swift; sourceTree = "<group>"; };
		B626EE4E2B19234B0054B094 /* Foods.swift */ = {isa = PBXFileReference; lastKnownFileType = sourcecode.swift; path = Foods.swift; sourceTree = "<group>"; };
		B626EE552B1A15C90054B094 /* NetworkManager.swift */ = {isa = PBXFileReference; lastKnownFileType = sourcecode.swift; path = NetworkManager.swift; sourceTree = "<group>"; };
		B626EE572B1A172F0054B094 /* NetworkHelper.swift */ = {isa = PBXFileReference; lastKnownFileType = sourcecode.swift; path = NetworkHelper.swift; sourceTree = "<group>"; };
		B626EE5A2B1A18690054B094 /* HomeManager.swift */ = {isa = PBXFileReference; lastKnownFileType = sourcecode.swift; path = HomeManager.swift; sourceTree = "<group>"; };
		B626EE5C2B1A18790054B094 /* HomeHelper.swift */ = {isa = PBXFileReference; lastKnownFileType = sourcecode.swift; path = HomeHelper.swift; sourceTree = "<group>"; };
		B63937632AF66851001604AB /* Food-Order-App.app */ = {isa = PBXFileReference; explicitFileType = wrapper.application; includeInIndex = 0; path = "Food-Order-App.app"; sourceTree = BUILT_PRODUCTS_DIR; };
		B63937662AF66851001604AB /* AppDelegate.swift */ = {isa = PBXFileReference; lastKnownFileType = sourcecode.swift; path = AppDelegate.swift; sourceTree = "<group>"; };
		B63937682AF66851001604AB /* SceneDelegate.swift */ = {isa = PBXFileReference; lastKnownFileType = sourcecode.swift; path = SceneDelegate.swift; sourceTree = "<group>"; };
		B639376D2AF66851001604AB /* Base */ = {isa = PBXFileReference; lastKnownFileType = file.storyboard; name = Base; path = Base.lproj/Main.storyboard; sourceTree = "<group>"; };
		B639376F2AF66852001604AB /* Assets.xcassets */ = {isa = PBXFileReference; lastKnownFileType = folder.assetcatalog; path = Assets.xcassets; sourceTree = "<group>"; };
		B63937722AF66852001604AB /* Base */ = {isa = PBXFileReference; lastKnownFileType = file.storyboard; name = Base; path = Base.lproj/LaunchScreen.storyboard; sourceTree = "<group>"; };
		B63937742AF66852001604AB /* Info.plist */ = {isa = PBXFileReference; lastKnownFileType = text.plist.xml; path = Info.plist; sourceTree = "<group>"; };
		B652D78C2B30DB4400394D2D /* ProfileViewController.swift */ = {isa = PBXFileReference; lastKnownFileType = sourcecode.swift; path = ProfileViewController.swift; sourceTree = "<group>"; };
		B65C2EAF2B30DF7E0025455D /* ProfileViewModel.swift */ = {isa = PBXFileReference; lastKnownFileType = sourcecode.swift; path = ProfileViewModel.swift; sourceTree = "<group>"; };
		B65C2EB22B30E1150025455D /* ProfileManager.swift */ = {isa = PBXFileReference; lastKnownFileType = sourcecode.swift; path = ProfileManager.swift; sourceTree = "<group>"; };
		B67E6E9C2B210280008114AC /* String+Extensions.swift */ = {isa = PBXFileReference; lastKnownFileType = sourcecode.swift; path = "String+Extensions.swift"; sourceTree = "<group>"; };
		B67E6EA22B21A841008114AC /* EmptyCartView.swift */ = {isa = PBXFileReference; lastKnownFileType = sourcecode.swift; path = EmptyCartView.swift; sourceTree = "<group>"; };
		B68ED3442B2B7B73004541F5 /* PopOverSortingViewController.swift */ = {isa = PBXFileReference; lastKnownFileType = sourcecode.swift; path = PopOverSortingViewController.swift; sourceTree = "<group>"; };
		B68ED3452B2B7B73004541F5 /* PopOverSortingViewController.xib */ = {isa = PBXFileReference; lastKnownFileType = file.xib; path = PopOverSortingViewController.xib; sourceTree = "<group>"; };
		B68ED34B2B2C33B7004541F5 /* FilterCell.swift */ = {isa = PBXFileReference; lastKnownFileType = sourcecode.swift; path = FilterCell.swift; sourceTree = "<group>"; };
		B68ED34C2B2C33B7004541F5 /* FilterCell.xib */ = {isa = PBXFileReference; lastKnownFileType = file.xib; path = FilterCell.xib; sourceTree = "<group>"; };
		B68ED34F2B2CFA78004541F5 /* SingletonUser.swift */ = {isa = PBXFileReference; lastKnownFileType = sourcecode.swift; path = SingletonUser.swift; sourceTree = "<group>"; };
		B68FA9BB2AF680A800748603 /* UserRepository.swift */ = {isa = PBXFileReference; lastKnownFileType = sourcecode.swift; path = UserRepository.swift; sourceTree = "<group>"; };
		B698B0CC2B21F6DB0056B798 /* FoodDetailViewController.swift */ = {isa = PBXFileReference; lastKnownFileType = sourcecode.swift; path = FoodDetailViewController.swift; sourceTree = "<group>"; };
		B698B0CE2B224BFE0056B798 /* FoodDetailViewModel.swift */ = {isa = PBXFileReference; lastKnownFileType = sourcecode.swift; path = FoodDetailViewModel.swift; sourceTree = "<group>"; };
		B6B030A82AF6864A0078660A /* OnboardingViewController.swift */ = {isa = PBXFileReference; lastKnownFileType = sourcecode.swift; path = OnboardingViewController.swift; sourceTree = "<group>"; };
		B6B030AA2AF68B5F0078660A /* OnboardingCVC.swift */ = {isa = PBXFileReference; lastKnownFileType = sourcecode.swift; path = OnboardingCVC.swift; sourceTree = "<group>"; };
		B6B030AC2AF68D580078660A /* OnboardingSlide.swift */ = {isa = PBXFileReference; lastKnownFileType = sourcecode.swift; path = OnboardingSlide.swift; sourceTree = "<group>"; };
		B6B030AE2AF68E2A0078660A /* OnboardingViewModel.swift */ = {isa = PBXFileReference; lastKnownFileType = sourcecode.swift; path = OnboardingViewModel.swift; sourceTree = "<group>"; };
		B6B030B12AFBA3E40078660A /* HomeViewController.swift */ = {isa = PBXFileReference; lastKnownFileType = sourcecode.swift; path = HomeViewController.swift; sourceTree = "<group>"; };
		B6B030B42AFBAC4E0078660A /* TabBarController.swift */ = {isa = PBXFileReference; lastKnownFileType = sourcecode.swift; path = TabBarController.swift; sourceTree = "<group>"; };
		B6B030B72AFD48B80078660A /* EntranceViewController.swift */ = {isa = PBXFileReference; lastKnownFileType = sourcecode.swift; path = EntranceViewController.swift; sourceTree = "<group>"; };
		B6B030BE2AFE1B1C0078660A /* SignInViewController.swift */ = {isa = PBXFileReference; lastKnownFileType = sourcecode.swift; path = SignInViewController.swift; sourceTree = "<group>"; };
		B6B030C02AFE1B260078660A /* SignUpViewController.swift */ = {isa = PBXFileReference; lastKnownFileType = sourcecode.swift; path = SignUpViewController.swift; sourceTree = "<group>"; };
		B6F59AB42B1E72DE003023D4 /* DeleteFoodFromCartResponse.swift */ = {isa = PBXFileReference; lastKnownFileType = sourcecode.swift; path = DeleteFoodFromCartResponse.swift; sourceTree = "<group>"; };
		B6F59AB62B1F0C42003023D4 /* CartTVCell.swift */ = {isa = PBXFileReference; lastKnownFileType = sourcecode.swift; path = CartTVCell.swift; sourceTree = "<group>"; };
/* End PBXFileReference section */

/* Begin PBXFrameworksBuildPhase section */
		B63937602AF66851001604AB /* Frameworks */ = {
			isa = PBXFrameworksBuildPhase;
			buildActionMask = 2147483647;
			files = (
				402272312C8D3BF9FAEA588E /* Pods_Food_Order_App.framework in Frameworks */,
			);
			runOnlyForDeploymentPostprocessing = 0;
		};
/* End PBXFrameworksBuildPhase section */

/* Begin PBXGroup section */
		269759E9E787B2015259F7CD /* Pods */ = {
			isa = PBXGroup;
			children = (
				AA0ED184F98FC37E69129757 /* Pods-Food-Order-App.debug.xcconfig */,
				4891D76BEC15AE36BED19D84 /* Pods-Food-Order-App.release.xcconfig */,
			);
			path = Pods;
			sourceTree = "<group>";
		};
		9A3A3F9F616D40FFED27AEC5 /* Frameworks */ = {
			isa = PBXGroup;
			children = (
				87A48071F2A66F9C1C3F173F /* Pods_Food_Order_App.framework */,
			);
			name = Frameworks;
			sourceTree = "<group>";
		};
		B60883922B136707006DDBA8 /* Helpers */ = {
			isa = PBXGroup;
			children = (
				B60883932B136729006DDBA8 /* MakeAlert.swift */,
				B68ED34F2B2CFA78004541F5 /* SingletonUser.swift */,
				B62364192B348C6B007E03A5 /* ActivityIndicator.swift */,
			);
			path = Helpers;
			sourceTree = "<group>";
		};
		B60883952B15D296006DDBA8 /* CollectionViewCell */ = {
			isa = PBXGroup;
			children = (
				B60883962B15D2C4006DDBA8 /* FoodsCell.swift */,
			);
			path = CollectionViewCell;
			sourceTree = "<group>";
		};
		B61B1A592B1C643A00AC007F /* Extensions */ = {
			isa = PBXGroup;
			children = (
				B608839D2B1688B5006DDBA8 /* UICollectionViewLayout+Extensions.swift */,
				B61B1A572B1C641000AC007F /* UIColor+Extensions.swift */,
				B67E6E9C2B210280008114AC /* String+Extensions.swift */,
			);
			path = Extensions;
			sourceTree = "<group>";
		};
		B61B1A5E2B1CC9E000AC007F /* Cart */ = {
			isa = PBXGroup;
			children = (
				B61B1A5F2B1CC9FD00AC007F /* CartManager.swift */,
				B61B1A612B1CCA0600AC007F /* CartHelper.swift */,
			);
			path = Cart;
			sourceTree = "<group>";
		};
		B61B1A632B1CCB7300AC007F /* Cart */ = {
			isa = PBXGroup;
			children = (
				B61B1A662B1CCB9F00AC007F /* CartViewModel.swift */,
				B61B1A642B1CCB9000AC007F /* CartViewController.swift */,
				B67E6EA42B21A850008114AC /* EmptyCartView */,
				B61B1A682B1CD7E600AC007F /* CollectionView */,
				B62364162B3340BD007E03A5 /* Payment */,
			);
			path = Cart;
			sourceTree = "<group>";
		};
		B61B1A682B1CD7E600AC007F /* CollectionView */ = {
			isa = PBXGroup;
			children = (
				B6F59AB62B1F0C42003023D4 /* CartTVCell.swift */,
			);
			path = CollectionView;
			sourceTree = "<group>";
		};
		B62364162B3340BD007E03A5 /* Payment */ = {
			isa = PBXGroup;
			children = (
				B62364172B3340FD007E03A5 /* PaymentViewController.swift */,
				B623641B2B3B19DF007E03A5 /* PaymentViewModel.swift */,
			);
			path = Payment;
			sourceTree = "<group>";
		};
		B626EE532B1A15B80054B094 /* Network */ = {
			isa = PBXGroup;
			children = (
				B626EE542B1A15BF0054B094 /* Core */,
				B626EE592B1A18450054B094 /* Home */,
				B61B1A5E2B1CC9E000AC007F /* Cart */,
				B65C2EB12B30E0F20025455D /* Profile */,
			);
			path = Network;
			sourceTree = "<group>";
		};
		B626EE542B1A15BF0054B094 /* Core */ = {
			isa = PBXGroup;
			children = (
				B626EE552B1A15C90054B094 /* NetworkManager.swift */,
				B626EE572B1A172F0054B094 /* NetworkHelper.swift */,
			);
			path = Core;
			sourceTree = "<group>";
		};
		B626EE592B1A18450054B094 /* Home */ = {
			isa = PBXGroup;
			children = (
				B626EE5A2B1A18690054B094 /* HomeManager.swift */,
				B626EE5C2B1A18790054B094 /* HomeHelper.swift */,
			);
			path = Home;
			sourceTree = "<group>";
		};
		B63530332AF671DF0048C7AA /* Resources */ = {
			isa = PBXGroup;
			children = (
				B639376F2AF66852001604AB /* Assets.xcassets */,
				B63530342AF671EC0048C7AA /* Base */,
			);
			path = Resources;
			sourceTree = "<group>";
		};
		B63530342AF671EC0048C7AA /* Base */ = {
			isa = PBXGroup;
			children = (
				B639376C2AF66851001604AB /* Main.storyboard */,
				B63937712AF66852001604AB /* LaunchScreen.storyboard */,
			);
			path = Base;
			sourceTree = "<group>";
		};
		B63530352AF672090048C7AA /* Supports */ = {
			isa = PBXGroup;
			children = (
				B63937662AF66851001604AB /* AppDelegate.swift */,
				B63937682AF66851001604AB /* SceneDelegate.swift */,
				B63937742AF66852001604AB /* Info.plist */,
				B623641D2B3B75B8007E03A5 /* GoogleService-Info.plist */,
			);
			path = Supports;
			sourceTree = "<group>";
		};
		B63530362AF672290048C7AA /* UI */ = {
			isa = PBXGroup;
			children = (
				B63530372AF6737C0048C7AA /* Screens */,
			);
			path = UI;
			sourceTree = "<group>";
		};
		B63530372AF6737C0048C7AA /* Screens */ = {
			isa = PBXGroup;
			children = (
				B6B030A72AF685FE0078660A /* Onboarding */,
				B6B030B62AFD48830078660A /* Entrance */,
				B6B030BC2AFE1B000078660A /* SignIn */,
				B6B030BD2AFE1B070078660A /* SignUp */,
				B6B030B32AFBAC370078660A /* TabBarController */,
			);
			path = Screens;
			sourceTree = "<group>";
		};
		B63530382AF67AEC0048C7AA /* Data */ = {
			isa = PBXGroup;
			children = (
				B626EE532B1A15B80054B094 /* Network */,
				B635303A2AF67AFC0048C7AA /* Entity */,
				B63530392AF67AF30048C7AA /* Repository */,
			);
			path = Data;
			sourceTree = "<group>";
		};
		B63530392AF67AF30048C7AA /* Repository */ = {
			isa = PBXGroup;
			children = (
				B68FA9BB2AF680A800748603 /* UserRepository.swift */,
			);
			path = Repository;
			sourceTree = "<group>";
		};
		B635303A2AF67AFC0048C7AA /* Entity */ = {
			isa = PBXGroup;
			children = (
				B626EE4E2B19234B0054B094 /* Foods.swift */,
				B61B1A5A2B1C876900AC007F /* AddFoodToCart.swift */,
				B61B1A5C2B1C945700AC007F /* GetFoodsFromCart.swift */,
				B6F59AB42B1E72DE003023D4 /* DeleteFoodFromCartResponse.swift */,
			);
			path = Entity;
			sourceTree = "<group>";
		};
		B639375A2AF66851001604AB = {
			isa = PBXGroup;
			children = (
				B63937652AF66851001604AB /* Food-Order-App */,
				B63937642AF66851001604AB /* Products */,
				269759E9E787B2015259F7CD /* Pods */,
				9A3A3F9F616D40FFED27AEC5 /* Frameworks */,
			);
			sourceTree = "<group>";
		};
		B63937642AF66851001604AB /* Products */ = {
			isa = PBXGroup;
			children = (
				B63937632AF66851001604AB /* Food-Order-App.app */,
			);
			name = Products;
			sourceTree = "<group>";
		};
		B63937652AF66851001604AB /* Food-Order-App */ = {
			isa = PBXGroup;
			children = (
				B63530382AF67AEC0048C7AA /* Data */,
				B63530362AF672290048C7AA /* UI */,
				B63530352AF672090048C7AA /* Supports */,
				B61B1A592B1C643A00AC007F /* Extensions */,
				B60883922B136707006DDBA8 /* Helpers */,
				B63530332AF671DF0048C7AA /* Resources */,
			);
			path = "Food-Order-App";
			sourceTree = "<group>";
		};
		B652D78B2B30DB0D00394D2D /* Profile */ = {
			isa = PBXGroup;
			children = (
				B652D78C2B30DB4400394D2D /* ProfileViewController.swift */,
				B65C2EAF2B30DF7E0025455D /* ProfileViewModel.swift */,
			);
			path = Profile;
			sourceTree = "<group>";
		};
		B65C2EB12B30E0F20025455D /* Profile */ = {
			isa = PBXGroup;
			children = (
				B65C2EB22B30E1150025455D /* ProfileManager.swift */,
			);
			path = Profile;
			sourceTree = "<group>";
		};
		B67E6EA42B21A850008114AC /* EmptyCartView */ = {
			isa = PBXGroup;
			children = (
				B67E6EA22B21A841008114AC /* EmptyCartView.swift */,
			);
			path = EmptyCartView;
			sourceTree = "<group>";
		};
		B68ED3432B2B7ADA004541F5 /* PopOverSorting */ = {
			isa = PBXGroup;
			children = (
				B68ED34A2B2C339E004541F5 /* CustomCell */,
				B68ED3442B2B7B73004541F5 /* PopOverSortingViewController.swift */,
				B68ED3452B2B7B73004541F5 /* PopOverSortingViewController.xib */,
			);
			path = PopOverSorting;
			sourceTree = "<group>";
		};
		B68ED34A2B2C339E004541F5 /* CustomCell */ = {
			isa = PBXGroup;
			children = (
				B68ED34B2B2C33B7004541F5 /* FilterCell.swift */,
				B68ED34C2B2C33B7004541F5 /* FilterCell.xib */,
			);
			path = CustomCell;
			sourceTree = "<group>";
		};
		B698B0CA2B21F68C0056B798 /* Home */ = {
			isa = PBXGroup;
			children = (
				B68ED3432B2B7ADA004541F5 /* PopOverSorting */,
				B60883952B15D296006DDBA8 /* CollectionViewCell */,
				B6B030B12AFBA3E40078660A /* HomeViewController.swift */,
				B626EE4A2B1918F60054B094 /* HomeViewModel.swift */,
			);
			path = Home;
			sourceTree = "<group>";
		};
		B698B0CB2B21F6BA0056B798 /* FoodDetail */ = {
			isa = PBXGroup;
			children = (
				B698B0CC2B21F6DB0056B798 /* FoodDetailViewController.swift */,
				B698B0CE2B224BFE0056B798 /* FoodDetailViewModel.swift */,
			);
			path = FoodDetail;
			sourceTree = "<group>";
		};
		B6B030A72AF685FE0078660A /* Onboarding */ = {
			isa = PBXGroup;
			children = (
				B6B030A82AF6864A0078660A /* OnboardingViewController.swift */,
				B6B030AE2AF68E2A0078660A /* OnboardingViewModel.swift */,
				B6B030AC2AF68D580078660A /* OnboardingSlide.swift */,
				B6B030AA2AF68B5F0078660A /* OnboardingCVC.swift */,
			);
			path = Onboarding;
			sourceTree = "<group>";
		};
		B6B030B02AFBA3C30078660A /* Home */ = {
			isa = PBXGroup;
			children = (
				B698B0CA2B21F68C0056B798 /* Home */,
				B698B0CB2B21F6BA0056B798 /* FoodDetail */,
			);
			path = Home;
			sourceTree = "<group>";
		};
		B6B030B32AFBAC370078660A /* TabBarController */ = {
			isa = PBXGroup;
			children = (
				B6B030B42AFBAC4E0078660A /* TabBarController.swift */,
				B6B030B02AFBA3C30078660A /* Home */,
				B61B1A632B1CCB7300AC007F /* Cart */,
				B652D78B2B30DB0D00394D2D /* Profile */,
			);
			path = TabBarController;
			sourceTree = "<group>";
		};
		B6B030B62AFD48830078660A /* Entrance */ = {
			isa = PBXGroup;
			children = (
				B6B030B72AFD48B80078660A /* EntranceViewController.swift */,
			);
			path = Entrance;
			sourceTree = "<group>";
		};
		B6B030BC2AFE1B000078660A /* SignIn */ = {
			isa = PBXGroup;
			children = (
				B6B030BE2AFE1B1C0078660A /* SignInViewController.swift */,
				B6125A882B039F4D00A13215 /* SignInViewModel.swift */,
			);
			path = SignIn;
			sourceTree = "<group>";
		};
		B6B030BD2AFE1B070078660A /* SignUp */ = {
			isa = PBXGroup;
			children = (
				B6B030C02AFE1B260078660A /* SignUpViewController.swift */,
				B608838E2B1232A3006DDBA8 /* SignUpViewModel.swift */,
			);
			path = SignUp;
			sourceTree = "<group>";
		};
/* End PBXGroup section */

/* Begin PBXNativeTarget section */
		B63937622AF66851001604AB /* Food-Order-App */ = {
			isa = PBXNativeTarget;
			buildConfigurationList = B63937772AF66852001604AB /* Build configuration list for PBXNativeTarget "Food-Order-App" */;
			buildPhases = (
				A41CC75A81206833BE930DB7 /* [CP] Check Pods Manifest.lock */,
				B639375F2AF66851001604AB /* Sources */,
				B63937602AF66851001604AB /* Frameworks */,
				B63937612AF66851001604AB /* Resources */,
				F7B254F1250E45D255B5308E /* [CP] Embed Pods Frameworks */,
			);
			buildRules = (
			);
			dependencies = (
			);
			name = "Food-Order-App";
			productName = "Food-Order-App";
			productReference = B63937632AF66851001604AB /* Food-Order-App.app */;
			productType = "com.apple.product-type.application";
		};
/* End PBXNativeTarget section */

/* Begin PBXProject section */
		B639375B2AF66851001604AB /* Project object */ = {
			isa = PBXProject;
			attributes = {
				BuildIndependentTargetsInParallel = 1;
				LastSwiftUpdateCheck = 1500;
				LastUpgradeCheck = 1500;
				TargetAttributes = {
					B63937622AF66851001604AB = {
						CreatedOnToolsVersion = 15.0;
					};
				};
			};
			buildConfigurationList = B639375E2AF66851001604AB /* Build configuration list for PBXProject "Food-Order-App" */;
			compatibilityVersion = "Xcode 13.0";
			developmentRegion = en;
			hasScannedForEncodings = 0;
			knownRegions = (
				en,
				Base,
			);
			mainGroup = B639375A2AF66851001604AB;
			productRefGroup = B63937642AF66851001604AB /* Products */;
			projectDirPath = "";
			projectRoot = "";
			targets = (
				B63937622AF66851001604AB /* Food-Order-App */,
			);
		};
/* End PBXProject section */

/* Begin PBXResourcesBuildPhase section */
		B63937612AF66851001604AB /* Resources */ = {
			isa = PBXResourcesBuildPhase;
			buildActionMask = 2147483647;
			files = (
				B63937732AF66852001604AB /* LaunchScreen.storyboard in Resources */,
				B63937702AF66852001604AB /* Assets.xcassets in Resources */,
				B68ED34E2B2C33B7004541F5 /* FilterCell.xib in Resources */,
				B639376E2AF66851001604AB /* Main.storyboard in Resources */,
				B68ED3472B2B7B73004541F5 /* PopOverSortingViewController.xib in Resources */,
				B623641E2B3B75B8007E03A5 /* GoogleService-Info.plist in Resources */,
			);
			runOnlyForDeploymentPostprocessing = 0;
		};
/* End PBXResourcesBuildPhase section */

/* Begin PBXShellScriptBuildPhase section */
		A41CC75A81206833BE930DB7 /* [CP] Check Pods Manifest.lock */ = {
			isa = PBXShellScriptBuildPhase;
			buildActionMask = 2147483647;
			files = (
			);
			inputFileListPaths = (
			);
			inputPaths = (
				"${PODS_PODFILE_DIR_PATH}/Podfile.lock",
				"${PODS_ROOT}/Manifest.lock",
			);
			name = "[CP] Check Pods Manifest.lock";
			outputFileListPaths = (
			);
			outputPaths = (
				"$(DERIVED_FILE_DIR)/Pods-Food-Order-App-checkManifestLockResult.txt",
			);
			runOnlyForDeploymentPostprocessing = 0;
			shellPath = /bin/sh;
			shellScript = "diff \"${PODS_PODFILE_DIR_PATH}/Podfile.lock\" \"${PODS_ROOT}/Manifest.lock\" > /dev/null\nif [ $? != 0 ] ; then\n    # print error to STDERR\n    echo \"error: The sandbox is not in sync with the Podfile.lock. Run 'pod install' or update your CocoaPods installation.\" >&2\n    exit 1\nfi\n# This output is used by Xcode 'outputs' to avoid re-running this script phase.\necho \"SUCCESS\" > \"${SCRIPT_OUTPUT_FILE_0}\"\n";
			showEnvVarsInLog = 0;
		};
		F7B254F1250E45D255B5308E /* [CP] Embed Pods Frameworks */ = {
			isa = PBXShellScriptBuildPhase;
			buildActionMask = 2147483647;
			files = (
			);
			inputFileListPaths = (
				"${PODS_ROOT}/Target Support Files/Pods-Food-Order-App/Pods-Food-Order-App-frameworks-${CONFIGURATION}-input-files.xcfilelist",
			);
			name = "[CP] Embed Pods Frameworks";
			outputFileListPaths = (
				"${PODS_ROOT}/Target Support Files/Pods-Food-Order-App/Pods-Food-Order-App-frameworks-${CONFIGURATION}-output-files.xcfilelist",
			);
			runOnlyForDeploymentPostprocessing = 0;
			shellPath = /bin/sh;
			shellScript = "\"${PODS_ROOT}/Target Support Files/Pods-Food-Order-App/Pods-Food-Order-App-frameworks.sh\"\n";
			showEnvVarsInLog = 0;
		};
/* End PBXShellScriptBuildPhase section */

/* Begin PBXSourcesBuildPhase section */
		B639375F2AF66851001604AB /* Sources */ = {
			isa = PBXSourcesBuildPhase;
			buildActionMask = 2147483647;
			files = (
				B68ED3502B2CFA78004541F5 /* SingletonUser.swift in Sources */,
				B6B030AD2AF68D580078660A /* OnboardingSlide.swift in Sources */,
				B60883972B15D2C4006DDBA8 /* FoodsCell.swift in Sources */,
				B61B1A5D2B1C945700AC007F /* GetFoodsFromCart.swift in Sources */,
				B61B1A5B2B1C876900AC007F /* AddFoodToCart.swift in Sources */,
				B626EE4F2B19234B0054B094 /* Foods.swift in Sources */,
				B65C2EB02B30DF7E0025455D /* ProfileViewModel.swift in Sources */,
				B62364182B3340FD007E03A5 /* PaymentViewController.swift in Sources */,
				B626EE562B1A15C90054B094 /* NetworkManager.swift in Sources */,
				B626EE582B1A172F0054B094 /* NetworkHelper.swift in Sources */,
				B6F59AB72B1F0C42003023D4 /* CartTVCell.swift in Sources */,
				B626EE4B2B1918F60054B094 /* HomeViewModel.swift in Sources */,
				B60883942B136729006DDBA8 /* MakeAlert.swift in Sources */,
				B61B1A602B1CC9FD00AC007F /* CartManager.swift in Sources */,
				B608838F2B1232A4006DDBA8 /* SignUpViewModel.swift in Sources */,
				B67E6E9D2B210280008114AC /* String+Extensions.swift in Sources */,
				B623641A2B348C6B007E03A5 /* ActivityIndicator.swift in Sources */,
				B61B1A622B1CCA0600AC007F /* CartHelper.swift in Sources */,
				B6B030AB2AF68B5F0078660A /* OnboardingCVC.swift in Sources */,
				B61B1A582B1C641000AC007F /* UIColor+Extensions.swift in Sources */,
				B6B030B52AFBAC4E0078660A /* TabBarController.swift in Sources */,
				B6B030AF2AF68E2A0078660A /* OnboardingViewModel.swift in Sources */,
				B6B030BF2AFE1B1C0078660A /* SignInViewController.swift in Sources */,
				B6B030A92AF6864A0078660A /* OnboardingViewController.swift in Sources */,
				B608839E2B1688B5006DDBA8 /* UICollectionViewLayout+Extensions.swift in Sources */,
				B67E6EA32B21A841008114AC /* EmptyCartView.swift in Sources */,
				B698B0CF2B224BFE0056B798 /* FoodDetailViewModel.swift in Sources */,
				B6B030C12AFE1B260078660A /* SignUpViewController.swift in Sources */,
				B6B030B22AFBA3E40078660A /* HomeViewController.swift in Sources */,
				B6F59AB52B1E72DE003023D4 /* DeleteFoodFromCartResponse.swift in Sources */,
				B61B1A652B1CCB9000AC007F /* CartViewController.swift in Sources */,
				B623641C2B3B19DF007E03A5 /* PaymentViewModel.swift in Sources */,
				B698B0CD2B21F6DB0056B798 /* FoodDetailViewController.swift in Sources */,
				B68FA9BC2AF680A800748603 /* UserRepository.swift in Sources */,
				B626EE5B2B1A18690054B094 /* HomeManager.swift in Sources */,
				B68ED34D2B2C33B7004541F5 /* FilterCell.swift in Sources */,
				B63937672AF66851001604AB /* AppDelegate.swift in Sources */,
				B61B1A672B1CCB9F00AC007F /* CartViewModel.swift in Sources */,
				B626EE5D2B1A18790054B094 /* HomeHelper.swift in Sources */,
				B652D78D2B30DB4400394D2D /* ProfileViewController.swift in Sources */,
				B65C2EB32B30E1150025455D /* ProfileManager.swift in Sources */,
				B63937692AF66851001604AB /* SceneDelegate.swift in Sources */,
				B68ED3462B2B7B73004541F5 /* PopOverSortingViewController.swift in Sources */,
				B6B030B82AFD48B80078660A /* EntranceViewController.swift in Sources */,
				B6125A892B039F4D00A13215 /* SignInViewModel.swift in Sources */,
			);
			runOnlyForDeploymentPostprocessing = 0;
		};
/* End PBXSourcesBuildPhase section */

/* Begin PBXVariantGroup section */
		B639376C2AF66851001604AB /* Main.storyboard */ = {
			isa = PBXVariantGroup;
			children = (
				B639376D2AF66851001604AB /* Base */,
			);
			name = Main.storyboard;
			sourceTree = "<group>";
		};
		B63937712AF66852001604AB /* LaunchScreen.storyboard */ = {
			isa = PBXVariantGroup;
			children = (
				B63937722AF66852001604AB /* Base */,
			);
			name = LaunchScreen.storyboard;
			sourceTree = "<group>";
		};
/* End PBXVariantGroup section */

/* Begin XCBuildConfiguration section */
		B63937752AF66852001604AB /* Debug */ = {
			isa = XCBuildConfiguration;
			buildSettings = {
				ALWAYS_SEARCH_USER_PATHS = NO;
				ASSETCATALOG_COMPILER_GENERATE_SWIFT_ASSET_SYMBOL_EXTENSIONS = YES;
				CLANG_ANALYZER_NONNULL = YES;
				CLANG_ANALYZER_NUMBER_OBJECT_CONVERSION = YES_AGGRESSIVE;
				CLANG_CXX_LANGUAGE_STANDARD = "gnu++20";
				CLANG_ENABLE_MODULES = YES;
				CLANG_ENABLE_OBJC_ARC = YES;
				CLANG_ENABLE_OBJC_WEAK = YES;
				CLANG_WARN_BLOCK_CAPTURE_AUTORELEASING = YES;
				CLANG_WARN_BOOL_CONVERSION = YES;
				CLANG_WARN_COMMA = YES;
				CLANG_WARN_CONSTANT_CONVERSION = YES;
				CLANG_WARN_DEPRECATED_OBJC_IMPLEMENTATIONS = YES;
				CLANG_WARN_DIRECT_OBJC_ISA_USAGE = YES_ERROR;
				CLANG_WARN_DOCUMENTATION_COMMENTS = YES;
				CLANG_WARN_EMPTY_BODY = YES;
				CLANG_WARN_ENUM_CONVERSION = YES;
				CLANG_WARN_INFINITE_RECURSION = YES;
				CLANG_WARN_INT_CONVERSION = YES;
				CLANG_WARN_NON_LITERAL_NULL_CONVERSION = YES;
				CLANG_WARN_OBJC_IMPLICIT_RETAIN_SELF = YES;
				CLANG_WARN_OBJC_LITERAL_CONVERSION = YES;
				CLANG_WARN_OBJC_ROOT_CLASS = YES_ERROR;
				CLANG_WARN_QUOTED_INCLUDE_IN_FRAMEWORK_HEADER = YES;
				CLANG_WARN_RANGE_LOOP_ANALYSIS = YES;
				CLANG_WARN_STRICT_PROTOTYPES = YES;
				CLANG_WARN_SUSPICIOUS_MOVE = YES;
				CLANG_WARN_UNGUARDED_AVAILABILITY = YES_AGGRESSIVE;
				CLANG_WARN_UNREACHABLE_CODE = YES;
				CLANG_WARN__DUPLICATE_METHOD_MATCH = YES;
				COPY_PHASE_STRIP = NO;
				DEBUG_INFORMATION_FORMAT = dwarf;
				ENABLE_STRICT_OBJC_MSGSEND = YES;
				ENABLE_TESTABILITY = YES;
				ENABLE_USER_SCRIPT_SANDBOXING = YES;
				GCC_C_LANGUAGE_STANDARD = gnu17;
				GCC_DYNAMIC_NO_PIC = NO;
				GCC_NO_COMMON_BLOCKS = YES;
				GCC_OPTIMIZATION_LEVEL = 0;
				GCC_PREPROCESSOR_DEFINITIONS = (
					"DEBUG=1",
					"$(inherited)",
				);
				GCC_WARN_64_TO_32_BIT_CONVERSION = YES;
				GCC_WARN_ABOUT_RETURN_TYPE = YES_ERROR;
				GCC_WARN_UNDECLARED_SELECTOR = YES;
				GCC_WARN_UNINITIALIZED_AUTOS = YES_AGGRESSIVE;
				GCC_WARN_UNUSED_FUNCTION = YES;
				GCC_WARN_UNUSED_VARIABLE = YES;
				IPHONEOS_DEPLOYMENT_TARGET = 17.0;
				LOCALIZATION_PREFERS_STRING_CATALOGS = YES;
				MTL_ENABLE_DEBUG_INFO = INCLUDE_SOURCE;
				MTL_FAST_MATH = YES;
				ONLY_ACTIVE_ARCH = YES;
				SDKROOT = iphoneos;
				SWIFT_ACTIVE_COMPILATION_CONDITIONS = "DEBUG $(inherited)";
				SWIFT_OPTIMIZATION_LEVEL = "-Onone";
			};
			name = Debug;
		};
		B63937762AF66852001604AB /* Release */ = {
			isa = XCBuildConfiguration;
			buildSettings = {
				ALWAYS_SEARCH_USER_PATHS = NO;
				ASSETCATALOG_COMPILER_GENERATE_SWIFT_ASSET_SYMBOL_EXTENSIONS = YES;
				CLANG_ANALYZER_NONNULL = YES;
				CLANG_ANALYZER_NUMBER_OBJECT_CONVERSION = YES_AGGRESSIVE;
				CLANG_CXX_LANGUAGE_STANDARD = "gnu++20";
				CLANG_ENABLE_MODULES = YES;
				CLANG_ENABLE_OBJC_ARC = YES;
				CLANG_ENABLE_OBJC_WEAK = YES;
				CLANG_WARN_BLOCK_CAPTURE_AUTORELEASING = YES;
				CLANG_WARN_BOOL_CONVERSION = YES;
				CLANG_WARN_COMMA = YES;
				CLANG_WARN_CONSTANT_CONVERSION = YES;
				CLANG_WARN_DEPRECATED_OBJC_IMPLEMENTATIONS = YES;
				CLANG_WARN_DIRECT_OBJC_ISA_USAGE = YES_ERROR;
				CLANG_WARN_DOCUMENTATION_COMMENTS = YES;
				CLANG_WARN_EMPTY_BODY = YES;
				CLANG_WARN_ENUM_CONVERSION = YES;
				CLANG_WARN_INFINITE_RECURSION = YES;
				CLANG_WARN_INT_CONVERSION = YES;
				CLANG_WARN_NON_LITERAL_NULL_CONVERSION = YES;
				CLANG_WARN_OBJC_IMPLICIT_RETAIN_SELF = YES;
				CLANG_WARN_OBJC_LITERAL_CONVERSION = YES;
				CLANG_WARN_OBJC_ROOT_CLASS = YES_ERROR;
				CLANG_WARN_QUOTED_INCLUDE_IN_FRAMEWORK_HEADER = YES;
				CLANG_WARN_RANGE_LOOP_ANALYSIS = YES;
				CLANG_WARN_STRICT_PROTOTYPES = YES;
				CLANG_WARN_SUSPICIOUS_MOVE = YES;
				CLANG_WARN_UNGUARDED_AVAILABILITY = YES_AGGRESSIVE;
				CLANG_WARN_UNREACHABLE_CODE = YES;
				CLANG_WARN__DUPLICATE_METHOD_MATCH = YES;
				COPY_PHASE_STRIP = NO;
				DEBUG_INFORMATION_FORMAT = "dwarf-with-dsym";
				ENABLE_NS_ASSERTIONS = NO;
				ENABLE_STRICT_OBJC_MSGSEND = YES;
				ENABLE_USER_SCRIPT_SANDBOXING = YES;
				GCC_C_LANGUAGE_STANDARD = gnu17;
				GCC_NO_COMMON_BLOCKS = YES;
				GCC_WARN_64_TO_32_BIT_CONVERSION = YES;
				GCC_WARN_ABOUT_RETURN_TYPE = YES_ERROR;
				GCC_WARN_UNDECLARED_SELECTOR = YES;
				GCC_WARN_UNINITIALIZED_AUTOS = YES_AGGRESSIVE;
				GCC_WARN_UNUSED_FUNCTION = YES;
				GCC_WARN_UNUSED_VARIABLE = YES;
				IPHONEOS_DEPLOYMENT_TARGET = 17.0;
				LOCALIZATION_PREFERS_STRING_CATALOGS = YES;
				MTL_ENABLE_DEBUG_INFO = NO;
				MTL_FAST_MATH = YES;
				SDKROOT = iphoneos;
				SWIFT_COMPILATION_MODE = wholemodule;
				VALIDATE_PRODUCT = YES;
			};
			name = Release;
		};
		B63937782AF66852001604AB /* Debug */ = {
			isa = XCBuildConfiguration;
			baseConfigurationReference = AA0ED184F98FC37E69129757 /* Pods-Food-Order-App.debug.xcconfig */;
			buildSettings = {
				ASSETCATALOG_COMPILER_APPICON_NAME = AppIcon;
				ASSETCATALOG_COMPILER_GLOBAL_ACCENT_COLOR_NAME = AccentColor;
				CODE_SIGN_STYLE = Automatic;
				CURRENT_PROJECT_VERSION = 1;
				DEVELOPMENT_TEAM = VPZ673SNB7;
				ENABLE_USER_SCRIPT_SANDBOXING = NO;
				GENERATE_INFOPLIST_FILE = YES;
				INFOPLIST_FILE = "Food-Order-App/Supports/Info.plist";
				INFOPLIST_KEY_UIApplicationSupportsIndirectInputEvents = YES;
				INFOPLIST_KEY_UILaunchStoryboardName = LaunchScreen;
				INFOPLIST_KEY_UIMainStoryboardFile = Main;
				INFOPLIST_KEY_UISupportedInterfaceOrientations_iPad = "UIInterfaceOrientationPortrait UIInterfaceOrientationPortraitUpsideDown UIInterfaceOrientationLandscapeLeft UIInterfaceOrientationLandscapeRight";
				INFOPLIST_KEY_UISupportedInterfaceOrientations_iPhone = "UIInterfaceOrientationPortrait UIInterfaceOrientationLandscapeLeft UIInterfaceOrientationLandscapeRight";
				LD_RUNPATH_SEARCH_PATHS = (
					"$(inherited)",
					"@executable_path/Frameworks",
				);
				MARKETING_VERSION = 1.0;
				PRODUCT_BUNDLE_IDENTIFIER = "dev.oemurlu.Food-Order-App";
				PRODUCT_NAME = "$(TARGET_NAME)";
				SWIFT_EMIT_LOC_STRINGS = YES;
				SWIFT_VERSION = 5.0;
				TARGETED_DEVICE_FAMILY = "1,2";
			};
			name = Debug;
		};
		B63937792AF66852001604AB /* Release */ = {
			isa = XCBuildConfiguration;
			baseConfigurationReference = 4891D76BEC15AE36BED19D84 /* Pods-Food-Order-App.release.xcconfig */;
			buildSettings = {
				ASSETCATALOG_COMPILER_APPICON_NAME = AppIcon;
				ASSETCATALOG_COMPILER_GLOBAL_ACCENT_COLOR_NAME = AccentColor;
				CODE_SIGN_STYLE = Automatic;
				CURRENT_PROJECT_VERSION = 1;
				DEVELOPMENT_TEAM = VPZ673SNB7;
				ENABLE_USER_SCRIPT_SANDBOXING = NO;
				GENERATE_INFOPLIST_FILE = YES;
				INFOPLIST_FILE = "Food-Order-App/Supports/Info.plist";
				INFOPLIST_KEY_UIApplicationSupportsIndirectInputEvents = YES;
				INFOPLIST_KEY_UILaunchStoryboardName = LaunchScreen;
				INFOPLIST_KEY_UIMainStoryboardFile = Main;
				INFOPLIST_KEY_UISupportedInterfaceOrientations_iPad = "UIInterfaceOrientationPortrait UIInterfaceOrientationPortraitUpsideDown UIInterfaceOrientationLandscapeLeft UIInterfaceOrientationLandscapeRight";
				INFOPLIST_KEY_UISupportedInterfaceOrientations_iPhone = "UIInterfaceOrientationPortrait UIInterfaceOrientationLandscapeLeft UIInterfaceOrientationLandscapeRight";
				LD_RUNPATH_SEARCH_PATHS = (
					"$(inherited)",
					"@executable_path/Frameworks",
				);
				MARKETING_VERSION = 1.0;
				PRODUCT_BUNDLE_IDENTIFIER = "dev.oemurlu.Food-Order-App";
				PRODUCT_NAME = "$(TARGET_NAME)";
				SWIFT_EMIT_LOC_STRINGS = YES;
				SWIFT_VERSION = 5.0;
				TARGETED_DEVICE_FAMILY = "1,2";
			};
			name = Release;
		};
/* End XCBuildConfiguration section */

/* Begin XCConfigurationList section */
		B639375E2AF66851001604AB /* Build configuration list for PBXProject "Food-Order-App" */ = {
			isa = XCConfigurationList;
			buildConfigurations = (
				B63937752AF66852001604AB /* Debug */,
				B63937762AF66852001604AB /* Release */,
			);
			defaultConfigurationIsVisible = 0;
			defaultConfigurationName = Release;
		};
		B63937772AF66852001604AB /* Build configuration list for PBXNativeTarget "Food-Order-App" */ = {
			isa = XCConfigurationList;
			buildConfigurations = (
				B63937782AF66852001604AB /* Debug */,
				B63937792AF66852001604AB /* Release */,
			);
			defaultConfigurationIsVisible = 0;
			defaultConfigurationName = Release;
		};
/* End XCConfigurationList section */
	};
	rootObject = B639375B2AF66851001604AB /* Project object */;
}
