// !$*UTF8*$!
{
	archiveVersion = 1;
	classes = {
	};
	objectVersion = 56;
	objects = {

/* Begin PBXBuildFile section */
		B63937672AF66851001604AB /* AppDelegate.swift in Sources */ = {isa = PBXBuildFile; fileRef = B63937662AF66851001604AB /* AppDelegate.swift */; };
		B63937692AF66851001604AB /* SceneDelegate.swift in Sources */ = {isa = PBXBuildFile; fileRef = B63937682AF66851001604AB /* SceneDelegate.swift */; };
		B639376E2AF66851001604AB /* Main.storyboard in Resources */ = {isa = PBXBuildFile; fileRef = B639376C2AF66851001604AB /* Main.storyboard */; };
		B63937702AF66852001604AB /* Assets.xcassets in Resources */ = {isa = PBXBuildFile; fileRef = B639376F2AF66852001604AB /* Assets.xcassets */; };
		B63937732AF66852001604AB /* LaunchScreen.storyboard in Resources */ = {isa = PBXBuildFile; fileRef = B63937712AF66852001604AB /* LaunchScreen.storyboard */; };
		B68FA9BA2AF6804300748603 /* emptyFileForGit1.swift in Sources */ = {isa = PBXBuildFile; fileRef = B68FA9B92AF6804300748603 /* emptyFileForGit1.swift */; };
		B68FA9BC2AF680A800748603 /* emptyFileForGit2.swift in Sources */ = {isa = PBXBuildFile; fileRef = B68FA9BB2AF680A800748603 /* emptyFileForGit2.swift */; };
		B6B030A92AF6864A0078660A /* OnboardingViewController.swift in Sources */ = {isa = PBXBuildFile; fileRef = B6B030A82AF6864A0078660A /* OnboardingViewController.swift */; };
		B6B030AB2AF68B5F0078660A /* OnboardingCVC.swift in Sources */ = {isa = PBXBuildFile; fileRef = B6B030AA2AF68B5F0078660A /* OnboardingCVC.swift */; };
		B6B030AD2AF68D580078660A /* OnboardingSlide.swift in Sources */ = {isa = PBXBuildFile; fileRef = B6B030AC2AF68D580078660A /* OnboardingSlide.swift */; };
		B6B030AF2AF68E2A0078660A /* OnboardingViewModel.swift in Sources */ = {isa = PBXBuildFile; fileRef = B6B030AE2AF68E2A0078660A /* OnboardingViewModel.swift */; };
		B6B030B22AFBA3E40078660A /* HomeViewController.swift in Sources */ = {isa = PBXBuildFile; fileRef = B6B030B12AFBA3E40078660A /* HomeViewController.swift */; };
		B6B030B52AFBAC4E0078660A /* TabBarController.swift in Sources */ = {isa = PBXBuildFile; fileRef = B6B030B42AFBAC4E0078660A /* TabBarController.swift */; };
		B6B030B82AFD48B80078660A /* EntranceViewController.swift in Sources */ = {isa = PBXBuildFile; fileRef = B6B030B72AFD48B80078660A /* EntranceViewController.swift */; };
		B6B030BA2AFD4F720078660A /* EntranceViewModel.swift in Sources */ = {isa = PBXBuildFile; fileRef = B6B030B92AFD4F720078660A /* EntranceViewModel.swift */; };
		B6B030BF2AFE1B1C0078660A /* SignInViewController.swift in Sources */ = {isa = PBXBuildFile; fileRef = B6B030BE2AFE1B1C0078660A /* SignInViewController.swift */; };
		B6B030C12AFE1B260078660A /* SignUpViewController.swift in Sources */ = {isa = PBXBuildFile; fileRef = B6B030C02AFE1B260078660A /* SignUpViewController.swift */; };
/* End PBXBuildFile section */

/* Begin PBXFileReference section */
		B63937632AF66851001604AB /* Food-Order-App.app */ = {isa = PBXFileReference; explicitFileType = wrapper.application; includeInIndex = 0; path = "Food-Order-App.app"; sourceTree = BUILT_PRODUCTS_DIR; };
		B63937662AF66851001604AB /* AppDelegate.swift */ = {isa = PBXFileReference; lastKnownFileType = sourcecode.swift; path = AppDelegate.swift; sourceTree = "<group>"; };
		B63937682AF66851001604AB /* SceneDelegate.swift */ = {isa = PBXFileReference; lastKnownFileType = sourcecode.swift; path = SceneDelegate.swift; sourceTree = "<group>"; };
		B639376D2AF66851001604AB /* Base */ = {isa = PBXFileReference; lastKnownFileType = file.storyboard; name = Base; path = Base.lproj/Main.storyboard; sourceTree = "<group>"; };
		B639376F2AF66852001604AB /* Assets.xcassets */ = {isa = PBXFileReference; lastKnownFileType = folder.assetcatalog; path = Assets.xcassets; sourceTree = "<group>"; };
		B63937722AF66852001604AB /* Base */ = {isa = PBXFileReference; lastKnownFileType = file.storyboard; name = Base; path = Base.lproj/LaunchScreen.storyboard; sourceTree = "<group>"; };
		B63937742AF66852001604AB /* Info.plist */ = {isa = PBXFileReference; lastKnownFileType = text.plist.xml; path = Info.plist; sourceTree = "<group>"; };
		B68FA9B92AF6804300748603 /* emptyFileForGit1.swift */ = {isa = PBXFileReference; lastKnownFileType = sourcecode.swift; path = emptyFileForGit1.swift; sourceTree = "<group>"; };
		B68FA9BB2AF680A800748603 /* emptyFileForGit2.swift */ = {isa = PBXFileReference; lastKnownFileType = sourcecode.swift; path = emptyFileForGit2.swift; sourceTree = "<group>"; };
		B6B030A82AF6864A0078660A /* OnboardingViewController.swift */ = {isa = PBXFileReference; lastKnownFileType = sourcecode.swift; path = OnboardingViewController.swift; sourceTree = "<group>"; };
		B6B030AA2AF68B5F0078660A /* OnboardingCVC.swift */ = {isa = PBXFileReference; lastKnownFileType = sourcecode.swift; path = OnboardingCVC.swift; sourceTree = "<group>"; };
		B6B030AC2AF68D580078660A /* OnboardingSlide.swift */ = {isa = PBXFileReference; lastKnownFileType = sourcecode.swift; path = OnboardingSlide.swift; sourceTree = "<group>"; };
		B6B030AE2AF68E2A0078660A /* OnboardingViewModel.swift */ = {isa = PBXFileReference; lastKnownFileType = sourcecode.swift; path = OnboardingViewModel.swift; sourceTree = "<group>"; };
		B6B030B12AFBA3E40078660A /* HomeViewController.swift */ = {isa = PBXFileReference; lastKnownFileType = sourcecode.swift; path = HomeViewController.swift; sourceTree = "<group>"; };
		B6B030B42AFBAC4E0078660A /* TabBarController.swift */ = {isa = PBXFileReference; lastKnownFileType = sourcecode.swift; path = TabBarController.swift; sourceTree = "<group>"; };
		B6B030B72AFD48B80078660A /* EntranceViewController.swift */ = {isa = PBXFileReference; lastKnownFileType = sourcecode.swift; path = EntranceViewController.swift; sourceTree = "<group>"; };
		B6B030B92AFD4F720078660A /* EntranceViewModel.swift */ = {isa = PBXFileReference; lastKnownFileType = sourcecode.swift; path = EntranceViewModel.swift; sourceTree = "<group>"; };
		B6B030BE2AFE1B1C0078660A /* SignInViewController.swift */ = {isa = PBXFileReference; lastKnownFileType = sourcecode.swift; path = SignInViewController.swift; sourceTree = "<group>"; };
		B6B030C02AFE1B260078660A /* SignUpViewController.swift */ = {isa = PBXFileReference; lastKnownFileType = sourcecode.swift; path = SignUpViewController.swift; sourceTree = "<group>"; };
/* End PBXFileReference section */

/* Begin PBXFrameworksBuildPhase section */
		B63937602AF66851001604AB /* Frameworks */ = {
			isa = PBXFrameworksBuildPhase;
			buildActionMask = 2147483647;
			files = (
			);
			runOnlyForDeploymentPostprocessing = 0;
		};
/* End PBXFrameworksBuildPhase section */

/* Begin PBXGroup section */
		B63530332AF671DF0048C7AA /* Resources */ = {
			isa = PBXGroup;
			children = (
				B639376F2AF66852001604AB /* Assets.xcassets */,
				B63530342AF671EC0048C7AA /* Base */,
			);
			path = Resources;
			sourceTree = "<group>";
		};
		B63530342AF671EC0048C7AA /* Base */ = {
			isa = PBXGroup;
			children = (
				B639376C2AF66851001604AB /* Main.storyboard */,
				B63937712AF66852001604AB /* LaunchScreen.storyboard */,
			);
			path = Base;
			sourceTree = "<group>";
		};
		B63530352AF672090048C7AA /* Supports */ = {
			isa = PBXGroup;
			children = (
				B63937662AF66851001604AB /* AppDelegate.swift */,
				B63937682AF66851001604AB /* SceneDelegate.swift */,
				B63937742AF66852001604AB /* Info.plist */,
			);
			path = Supports;
			sourceTree = "<group>";
		};
		B63530362AF672290048C7AA /* UI */ = {
			isa = PBXGroup;
			children = (
				B63530372AF6737C0048C7AA /* Screens */,
			);
			path = UI;
			sourceTree = "<group>";
		};
		B63530372AF6737C0048C7AA /* Screens */ = {
			isa = PBXGroup;
			children = (
				B6B030A72AF685FE0078660A /* Onboarding */,
				B6B030B62AFD48830078660A /* Entrance */,
				B6B030BC2AFE1B000078660A /* SignIn */,
				B6B030BD2AFE1B070078660A /* SignUp */,
				B6B030B32AFBAC370078660A /* TabBarController */,
			);
			path = Screens;
			sourceTree = "<group>";
		};
		B63530382AF67AEC0048C7AA /* Data */ = {
			isa = PBXGroup;
			children = (
				B635303A2AF67AFC0048C7AA /* Entity */,
				B63530392AF67AF30048C7AA /* Repository */,
			);
			path = Data;
			sourceTree = "<group>";
		};
		B63530392AF67AF30048C7AA /* Repository */ = {
			isa = PBXGroup;
			children = (
				B68FA9BB2AF680A800748603 /* emptyFileForGit2.swift */,
			);
			path = Repository;
			sourceTree = "<group>";
		};
		B635303A2AF67AFC0048C7AA /* Entity */ = {
			isa = PBXGroup;
			children = (
				B68FA9B92AF6804300748603 /* emptyFileForGit1.swift */,
			);
			path = Entity;
			sourceTree = "<group>";
		};
		B639375A2AF66851001604AB = {
			isa = PBXGroup;
			children = (
				B63937652AF66851001604AB /* Food-Order-App */,
				B63937642AF66851001604AB /* Products */,
			);
			sourceTree = "<group>";
		};
		B63937642AF66851001604AB /* Products */ = {
			isa = PBXGroup;
			children = (
				B63937632AF66851001604AB /* Food-Order-App.app */,
			);
			name = Products;
			sourceTree = "<group>";
		};
		B63937652AF66851001604AB /* Food-Order-App */ = {
			isa = PBXGroup;
			children = (
				B63530382AF67AEC0048C7AA /* Data */,
				B63530362AF672290048C7AA /* UI */,
				B63530352AF672090048C7AA /* Supports */,
				B63530332AF671DF0048C7AA /* Resources */,
			);
			path = "Food-Order-App";
			sourceTree = "<group>";
		};
		B6B030A72AF685FE0078660A /* Onboarding */ = {
			isa = PBXGroup;
			children = (
				B6B030A82AF6864A0078660A /* OnboardingViewController.swift */,
				B6B030AE2AF68E2A0078660A /* OnboardingViewModel.swift */,
				B6B030AC2AF68D580078660A /* OnboardingSlide.swift */,
				B6B030AA2AF68B5F0078660A /* OnboardingCVC.swift */,
			);
			path = Onboarding;
			sourceTree = "<group>";
		};
		B6B030B02AFBA3C30078660A /* Home */ = {
			isa = PBXGroup;
			children = (
				B6B030B12AFBA3E40078660A /* HomeViewController.swift */,
			);
			path = Home;
			sourceTree = "<group>";
		};
		B6B030B32AFBAC370078660A /* TabBarController */ = {
			isa = PBXGroup;
			children = (
				B6B030B02AFBA3C30078660A /* Home */,
				B6B030B42AFBAC4E0078660A /* TabBarController.swift */,
			);
			path = TabBarController;
			sourceTree = "<group>";
		};
		B6B030B62AFD48830078660A /* Entrance */ = {
			isa = PBXGroup;
			children = (
				B6B030B72AFD48B80078660A /* EntranceViewController.swift */,
				B6B030B92AFD4F720078660A /* EntranceViewModel.swift */,
			);
			path = Entrance;
			sourceTree = "<group>";
		};
		B6B030BC2AFE1B000078660A /* SignIn */ = {
			isa = PBXGroup;
			children = (
				B6B030BE2AFE1B1C0078660A /* SignInViewController.swift */,
			);
			path = SignIn;
			sourceTree = "<group>";
		};
		B6B030BD2AFE1B070078660A /* SignUp */ = {
			isa = PBXGroup;
			children = (
				B6B030C02AFE1B260078660A /* SignUpViewController.swift */,
			);
			path = SignUp;
			sourceTree = "<group>";
		};
/* End PBXGroup section */

/* Begin PBXNativeTarget section */
		B63937622AF66851001604AB /* Food-Order-App */ = {
			isa = PBXNativeTarget;
			buildConfigurationList = B63937772AF66852001604AB /* Build configuration list for PBXNativeTarget "Food-Order-App" */;
			buildPhases = (
				B639375F2AF66851001604AB /* Sources */,
				B63937602AF66851001604AB /* Frameworks */,
				B63937612AF66851001604AB /* Resources */,
			);
			buildRules = (
			);
			dependencies = (
			);
			name = "Food-Order-App";
			productName = "Food-Order-App";
			productReference = B63937632AF66851001604AB /* Food-Order-App.app */;
			productType = "com.apple.product-type.application";
		};
/* End PBXNativeTarget section */

/* Begin PBXProject section */
		B639375B2AF66851001604AB /* Project object */ = {
			isa = PBXProject;
			attributes = {
				BuildIndependentTargetsInParallel = 1;
				LastSwiftUpdateCheck = 1500;
				LastUpgradeCheck = 1500;
				TargetAttributes = {
					B63937622AF66851001604AB = {
						CreatedOnToolsVersion = 15.0;
					};
				};
			};
			buildConfigurationList = B639375E2AF66851001604AB /* Build configuration list for PBXProject "Food-Order-App" */;
			compatibilityVersion = "Xcode 14.0";
			developmentRegion = en;
			hasScannedForEncodings = 0;
			knownRegions = (
				en,
				Base,
			);
			mainGroup = B639375A2AF66851001604AB;
			productRefGroup = B63937642AF66851001604AB /* Products */;
			projectDirPath = "";
			projectRoot = "";
			targets = (
				B63937622AF66851001604AB /* Food-Order-App */,
			);
		};
/* End PBXProject section */

/* Begin PBXResourcesBuildPhase section */
		B63937612AF66851001604AB /* Resources */ = {
			isa = PBXResourcesBuildPhase;
			buildActionMask = 2147483647;
			files = (
				B63937732AF66852001604AB /* LaunchScreen.storyboard in Resources */,
				B63937702AF66852001604AB /* Assets.xcassets in Resources */,
				B639376E2AF66851001604AB /* Main.storyboard in Resources */,
			);
			runOnlyForDeploymentPostprocessing = 0;
		};
/* End PBXResourcesBuildPhase section */

/* Begin PBXSourcesBuildPhase section */
		B639375F2AF66851001604AB /* Sources */ = {
			isa = PBXSourcesBuildPhase;
			buildActionMask = 2147483647;
			files = (
				B6B030AD2AF68D580078660A /* OnboardingSlide.swift in Sources */,
				B68FA9BA2AF6804300748603 /* emptyFileForGit1.swift in Sources */,
				B6B030AB2AF68B5F0078660A /* OnboardingCVC.swift in Sources */,
				B6B030B52AFBAC4E0078660A /* TabBarController.swift in Sources */,
				B6B030AF2AF68E2A0078660A /* OnboardingViewModel.swift in Sources */,
				B6B030BF2AFE1B1C0078660A /* SignInViewController.swift in Sources */,
				B6B030A92AF6864A0078660A /* OnboardingViewController.swift in Sources */,
				B6B030BA2AFD4F720078660A /* EntranceViewModel.swift in Sources */,
				B6B030C12AFE1B260078660A /* SignUpViewController.swift in Sources */,
				B6B030B22AFBA3E40078660A /* HomeViewController.swift in Sources */,
				B68FA9BC2AF680A800748603 /* emptyFileForGit2.swift in Sources */,
				B63937672AF66851001604AB /* AppDelegate.swift in Sources */,
				B63937692AF66851001604AB /* SceneDelegate.swift in Sources */,
				B6B030B82AFD48B80078660A /* EntranceViewController.swift in Sources */,
			);
			runOnlyForDeploymentPostprocessing = 0;
		};
/* End PBXSourcesBuildPhase section */

/* Begin PBXVariantGroup section */
		B639376C2AF66851001604AB /* Main.storyboard */ = {
			isa = PBXVariantGroup;
			children = (
				B639376D2AF66851001604AB /* Base */,
			);
			name = Main.storyboard;
			sourceTree = "<group>";
		};
		B63937712AF66852001604AB /* LaunchScreen.storyboard */ = {
			isa = PBXVariantGroup;
			children = (
				B63937722AF66852001604AB /* Base */,
			);
			name = LaunchScreen.storyboard;
			sourceTree = "<group>";
		};
/* End PBXVariantGroup section */

/* Begin XCBuildConfiguration section */
		B63937752AF66852001604AB /* Debug */ = {
			isa = XCBuildConfiguration;
			buildSettings = {
				ALWAYS_SEARCH_USER_PATHS = NO;
				ASSETCATALOG_COMPILER_GENERATE_SWIFT_ASSET_SYMBOL_EXTENSIONS = YES;
				CLANG_ANALYZER_NONNULL = YES;
				CLANG_ANALYZER_NUMBER_OBJECT_CONVERSION = YES_AGGRESSIVE;
				CLANG_CXX_LANGUAGE_STANDARD = "gnu++20";
				CLANG_ENABLE_MODULES = YES;
				CLANG_ENABLE_OBJC_ARC = YES;
				CLANG_ENABLE_OBJC_WEAK = YES;
				CLANG_WARN_BLOCK_CAPTURE_AUTORELEASING = YES;
				CLANG_WARN_BOOL_CONVERSION = YES;
				CLANG_WARN_COMMA = YES;
				CLANG_WARN_CONSTANT_CONVERSION = YES;
				CLANG_WARN_DEPRECATED_OBJC_IMPLEMENTATIONS = YES;
				CLANG_WARN_DIRECT_OBJC_ISA_USAGE = YES_ERROR;
				CLANG_WARN_DOCUMENTATION_COMMENTS = YES;
				CLANG_WARN_EMPTY_BODY = YES;
				CLANG_WARN_ENUM_CONVERSION = YES;
				CLANG_WARN_INFINITE_RECURSION = YES;
				CLANG_WARN_INT_CONVERSION = YES;
				CLANG_WARN_NON_LITERAL_NULL_CONVERSION = YES;
				CLANG_WARN_OBJC_IMPLICIT_RETAIN_SELF = YES;
				CLANG_WARN_OBJC_LITERAL_CONVERSION = YES;
				CLANG_WARN_OBJC_ROOT_CLASS = YES_ERROR;
				CLANG_WARN_QUOTED_INCLUDE_IN_FRAMEWORK_HEADER = YES;
				CLANG_WARN_RANGE_LOOP_ANALYSIS = YES;
				CLANG_WARN_STRICT_PROTOTYPES = YES;
				CLANG_WARN_SUSPICIOUS_MOVE = YES;
				CLANG_WARN_UNGUARDED_AVAILABILITY = YES_AGGRESSIVE;
				CLANG_WARN_UNREACHABLE_CODE = YES;
				CLANG_WARN__DUPLICATE_METHOD_MATCH = YES;
				COPY_PHASE_STRIP = NO;
				DEBUG_INFORMATION_FORMAT = dwarf;
				ENABLE_STRICT_OBJC_MSGSEND = YES;
				ENABLE_TESTABILITY = YES;
				ENABLE_USER_SCRIPT_SANDBOXING = YES;
				GCC_C_LANGUAGE_STANDARD = gnu17;
				GCC_DYNAMIC_NO_PIC = NO;
				GCC_NO_COMMON_BLOCKS = YES;
				GCC_OPTIMIZATION_LEVEL = 0;
				GCC_PREPROCESSOR_DEFINITIONS = (
					"DEBUG=1",
					"$(inherited)",
				);
				GCC_WARN_64_TO_32_BIT_CONVERSION = YES;
				GCC_WARN_ABOUT_RETURN_TYPE = YES_ERROR;
				GCC_WARN_UNDECLARED_SELECTOR = YES;
				GCC_WARN_UNINITIALIZED_AUTOS = YES_AGGRESSIVE;
				GCC_WARN_UNUSED_FUNCTION = YES;
				GCC_WARN_UNUSED_VARIABLE = YES;
				IPHONEOS_DEPLOYMENT_TARGET = 17.0;
				LOCALIZATION_PREFERS_STRING_CATALOGS = YES;
				MTL_ENABLE_DEBUG_INFO = INCLUDE_SOURCE;
				MTL_FAST_MATH = YES;
				ONLY_ACTIVE_ARCH = YES;
				SDKROOT = iphoneos;
				SWIFT_ACTIVE_COMPILATION_CONDITIONS = "DEBUG $(inherited)";
				SWIFT_OPTIMIZATION_LEVEL = "-Onone";
			};
			name = Debug;
		};
		B63937762AF66852001604AB /* Release */ = {
			isa = XCBuildConfiguration;
			buildSettings = {
				ALWAYS_SEARCH_USER_PATHS = NO;
				ASSETCATALOG_COMPILER_GENERATE_SWIFT_ASSET_SYMBOL_EXTENSIONS = YES;
				CLANG_ANALYZER_NONNULL = YES;
				CLANG_ANALYZER_NUMBER_OBJECT_CONVERSION = YES_AGGRESSIVE;
				CLANG_CXX_LANGUAGE_STANDARD = "gnu++20";
				CLANG_ENABLE_MODULES = YES;
				CLANG_ENABLE_OBJC_ARC = YES;
				CLANG_ENABLE_OBJC_WEAK = YES;
				CLANG_WARN_BLOCK_CAPTURE_AUTORELEASING = YES;
				CLANG_WARN_BOOL_CONVERSION = YES;
				CLANG_WARN_COMMA = YES;
				CLANG_WARN_CONSTANT_CONVERSION = YES;
				CLANG_WARN_DEPRECATED_OBJC_IMPLEMENTATIONS = YES;
				CLANG_WARN_DIRECT_OBJC_ISA_USAGE = YES_ERROR;
				CLANG_WARN_DOCUMENTATION_COMMENTS = YES;
				CLANG_WARN_EMPTY_BODY = YES;
				CLANG_WARN_ENUM_CONVERSION = YES;
				CLANG_WARN_INFINITE_RECURSION = YES;
				CLANG_WARN_INT_CONVERSION = YES;
				CLANG_WARN_NON_LITERAL_NULL_CONVERSION = YES;
				CLANG_WARN_OBJC_IMPLICIT_RETAIN_SELF = YES;
				CLANG_WARN_OBJC_LITERAL_CONVERSION = YES;
				CLANG_WARN_OBJC_ROOT_CLASS = YES_ERROR;
				CLANG_WARN_QUOTED_INCLUDE_IN_FRAMEWORK_HEADER = YES;
				CLANG_WARN_RANGE_LOOP_ANALYSIS = YES;
				CLANG_WARN_STRICT_PROTOTYPES = YES;
				CLANG_WARN_SUSPICIOUS_MOVE = YES;
				CLANG_WARN_UNGUARDED_AVAILABILITY = YES_AGGRESSIVE;
				CLANG_WARN_UNREACHABLE_CODE = YES;
				CLANG_WARN__DUPLICATE_METHOD_MATCH = YES;
				COPY_PHASE_STRIP = NO;
				DEBUG_INFORMATION_FORMAT = "dwarf-with-dsym";
				ENABLE_NS_ASSERTIONS = NO;
				ENABLE_STRICT_OBJC_MSGSEND = YES;
				ENABLE_USER_SCRIPT_SANDBOXING = YES;
				GCC_C_LANGUAGE_STANDARD = gnu17;
				GCC_NO_COMMON_BLOCKS = YES;
				GCC_WARN_64_TO_32_BIT_CONVERSION = YES;
				GCC_WARN_ABOUT_RETURN_TYPE = YES_ERROR;
				GCC_WARN_UNDECLARED_SELECTOR = YES;
				GCC_WARN_UNINITIALIZED_AUTOS = YES_AGGRESSIVE;
				GCC_WARN_UNUSED_FUNCTION = YES;
				GCC_WARN_UNUSED_VARIABLE = YES;
				IPHONEOS_DEPLOYMENT_TARGET = 17.0;
				LOCALIZATION_PREFERS_STRING_CATALOGS = YES;
				MTL_ENABLE_DEBUG_INFO = NO;
				MTL_FAST_MATH = YES;
				SDKROOT = iphoneos;
				SWIFT_COMPILATION_MODE = wholemodule;
				VALIDATE_PRODUCT = YES;
			};
			name = Release;
		};
		B63937782AF66852001604AB /* Debug */ = {
			isa = XCBuildConfiguration;
			buildSettings = {
				ASSETCATALOG_COMPILER_APPICON_NAME = AppIcon;
				ASSETCATALOG_COMPILER_GLOBAL_ACCENT_COLOR_NAME = AccentColor;
				CODE_SIGN_STYLE = Automatic;
				CURRENT_PROJECT_VERSION = 1;
				DEVELOPMENT_TEAM = VPZ673SNB7;
				GENERATE_INFOPLIST_FILE = YES;
				INFOPLIST_FILE = "Food-Order-App/Supports/Info.plist";
				INFOPLIST_KEY_UIApplicationSupportsIndirectInputEvents = YES;
				INFOPLIST_KEY_UILaunchStoryboardName = LaunchScreen;
				INFOPLIST_KEY_UIMainStoryboardFile = Main;
				INFOPLIST_KEY_UISupportedInterfaceOrientations_iPad = "UIInterfaceOrientationPortrait UIInterfaceOrientationPortraitUpsideDown UIInterfaceOrientationLandscapeLeft UIInterfaceOrientationLandscapeRight";
				INFOPLIST_KEY_UISupportedInterfaceOrientations_iPhone = "UIInterfaceOrientationPortrait UIInterfaceOrientationLandscapeLeft UIInterfaceOrientationLandscapeRight";
				LD_RUNPATH_SEARCH_PATHS = (
					"$(inherited)",
					"@executable_path/Frameworks",
				);
				MARKETING_VERSION = 1.0;
				PRODUCT_BUNDLE_IDENTIFIER = "dev.oemurlu.Food-Order-App";
				PRODUCT_NAME = "$(TARGET_NAME)";
				SWIFT_EMIT_LOC_STRINGS = YES;
				SWIFT_VERSION = 5.0;
				TARGETED_DEVICE_FAMILY = "1,2";
			};
			name = Debug;
		};
		B63937792AF66852001604AB /* Release */ = {
			isa = XCBuildConfiguration;
			buildSettings = {
				ASSETCATALOG_COMPILER_APPICON_NAME = AppIcon;
				ASSETCATALOG_COMPILER_GLOBAL_ACCENT_COLOR_NAME = AccentColor;
				CODE_SIGN_STYLE = Automatic;
				CURRENT_PROJECT_VERSION = 1;
				DEVELOPMENT_TEAM = VPZ673SNB7;
				GENERATE_INFOPLIST_FILE = YES;
				INFOPLIST_FILE = "Food-Order-App/Supports/Info.plist";
				INFOPLIST_KEY_UIApplicationSupportsIndirectInputEvents = YES;
				INFOPLIST_KEY_UILaunchStoryboardName = LaunchScreen;
				INFOPLIST_KEY_UIMainStoryboardFile = Main;
				INFOPLIST_KEY_UISupportedInterfaceOrientations_iPad = "UIInterfaceOrientationPortrait UIInterfaceOrientationPortraitUpsideDown UIInterfaceOrientationLandscapeLeft UIInterfaceOrientationLandscapeRight";
				INFOPLIST_KEY_UISupportedInterfaceOrientations_iPhone = "UIInterfaceOrientationPortrait UIInterfaceOrientationLandscapeLeft UIInterfaceOrientationLandscapeRight";
				LD_RUNPATH_SEARCH_PATHS = (
					"$(inherited)",
					"@executable_path/Frameworks",
				);
				MARKETING_VERSION = 1.0;
				PRODUCT_BUNDLE_IDENTIFIER = "dev.oemurlu.Food-Order-App";
				PRODUCT_NAME = "$(TARGET_NAME)";
				SWIFT_EMIT_LOC_STRINGS = YES;
				SWIFT_VERSION = 5.0;
				TARGETED_DEVICE_FAMILY = "1,2";
			};
			name = Release;
		};
/* End XCBuildConfiguration section */

/* Begin XCConfigurationList section */
		B639375E2AF66851001604AB /* Build configuration list for PBXProject "Food-Order-App" */ = {
			isa = XCConfigurationList;
			buildConfigurations = (
				B63937752AF66852001604AB /* Debug */,
				B63937762AF66852001604AB /* Release */,
			);
			defaultConfigurationIsVisible = 0;
			defaultConfigurationName = Release;
		};
		B63937772AF66852001604AB /* Build configuration list for PBXNativeTarget "Food-Order-App" */ = {
			isa = XCConfigurationList;
			buildConfigurations = (
				B63937782AF66852001604AB /* Debug */,
				B63937792AF66852001604AB /* Release */,
			);
			defaultConfigurationIsVisible = 0;
			defaultConfigurationName = Release;
		};
/* End XCConfigurationList section */
	};
	rootObject = B639375B2AF66851001604AB /* Project object */;
}
